// !$*UTF8*$!
{
	archiveVersion = 1;
	classes = {
	};
	objectVersion = 55;
	objects = {

/* Begin PBXBuildFile section */
		FF0F73DB276322590072D292 /* LoginView.swift in Sources */ = {isa = PBXBuildFile; fileRef = FF0F73DA276322590072D292 /* LoginView.swift */; };
		FF0F73E0276323200072D292 /* AppColor.swift in Sources */ = {isa = PBXBuildFile; fileRef = FF0F73DF276323200072D292 /* AppColor.swift */; };
		FF0F73E22763238F0072D292 /* TopLogoView.swift in Sources */ = {isa = PBXBuildFile; fileRef = FF0F73E12763238F0072D292 /* TopLogoView.swift */; };
		FF0F73E5276328050072D292 /* LoginRegisterButtonView.swift in Sources */ = {isa = PBXBuildFile; fileRef = FF0F73E4276328050072D292 /* LoginRegisterButtonView.swift */; };
		FF0F73E8276328610072D292 /* LoginTextView.swift in Sources */ = {isa = PBXBuildFile; fileRef = FF0F73E7276328610072D292 /* LoginTextView.swift */; };
		FF0F73EA276329130072D292 /* LoginCredentialsView.swift in Sources */ = {isa = PBXBuildFile; fileRef = FF0F73E9276329130072D292 /* LoginCredentialsView.swift */; };
		FF0F73ED2763298D0072D292 /* LoginCredentials.swift in Sources */ = {isa = PBXBuildFile; fileRef = FF0F73EC2763298D0072D292 /* LoginCredentials.swift */; };
		FF0F73EF27632C100072D292 /* RegistrationView.swift in Sources */ = {isa = PBXBuildFile; fileRef = FF0F73EE27632C100072D292 /* RegistrationView.swift */; };
		FF0F73F127632E280072D292 /* RegistrationCredentials.swift in Sources */ = {isa = PBXBuildFile; fileRef = FF0F73F027632E280072D292 /* RegistrationCredentials.swift */; };
		FF0F73F327632EB80072D292 /* RegistrationCredentialsView.swift in Sources */ = {isa = PBXBuildFile; fileRef = FF0F73F227632EB80072D292 /* RegistrationCredentialsView.swift */; };
		FF0F73F5276337320072D292 /* RegistrationTextView.swift in Sources */ = {isa = PBXBuildFile; fileRef = FF0F73F4276337320072D292 /* RegistrationTextView.swift */; };
		FF0F73F827633C5B0072D292 /* RegistrationButtonView.swift in Sources */ = {isa = PBXBuildFile; fileRef = FF0F73F727633C5B0072D292 /* RegistrationButtonView.swift */; };
		FF0F73FF276344900072D292 /* UserStatusView.swift in Sources */ = {isa = PBXBuildFile; fileRef = FF0F73FE276344900072D292 /* UserStatusView.swift */; };
		FF0F7401276344A90072D292 /* UserReserveView.swift in Sources */ = {isa = PBXBuildFile; fileRef = FF0F7400276344A90072D292 /* UserReserveView.swift */; };
		FF0F7403276344B70072D292 /* UserProfileView.swift in Sources */ = {isa = PBXBuildFile; fileRef = FF0F7402276344B70072D292 /* UserProfileView.swift */; };
		FF0F7405276344CD0072D292 /* UserTabView.swift in Sources */ = {isa = PBXBuildFile; fileRef = FF0F7404276344CD0072D292 /* UserTabView.swift */; };
		FF0F74072763450D0072D292 /* AdminTabView.swift in Sources */ = {isa = PBXBuildFile; fileRef = FF0F74062763450D0072D292 /* AdminTabView.swift */; };
		FF0F7409276345210072D292 /* AdminLogView.swift in Sources */ = {isa = PBXBuildFile; fileRef = FF0F7408276345210072D292 /* AdminLogView.swift */; };
		FF0F740B2763452F0072D292 /* AdminCreateVenueView.swift in Sources */ = {isa = PBXBuildFile; fileRef = FF0F740A2763452F0072D292 /* AdminCreateVenueView.swift */; };
		FF0F740D276345430072D292 /* AdminReserveView.swift in Sources */ = {isa = PBXBuildFile; fileRef = FF0F740C276345430072D292 /* AdminReserveView.swift */; };
		FF0F740F276345550072D292 /* AdminProfileView.swift in Sources */ = {isa = PBXBuildFile; fileRef = FF0F740E276345550072D292 /* AdminProfileView.swift */; };
		FF0F7411276348210072D292 /* API.swift in Sources */ = {isa = PBXBuildFile; fileRef = FF0F7410276348210072D292 /* API.swift */; };
		FF0F7413276348750072D292 /* URLs.swift in Sources */ = {isa = PBXBuildFile; fileRef = FF0F7412276348750072D292 /* URLs.swift */; };
		FF0F7415276351290072D292 /* LoginResponseModel.swift in Sources */ = {isa = PBXBuildFile; fileRef = FF0F7414276351290072D292 /* LoginResponseModel.swift */; };
		FF0F74172763A4010072D292 /* RegistrationResponseModel.swift in Sources */ = {isa = PBXBuildFile; fileRef = FF0F74162763A4010072D292 /* RegistrationResponseModel.swift */; };
		FF0F74192763D0A80072D292 /* CreateVenueResponseModel.swift in Sources */ = {isa = PBXBuildFile; fileRef = FF0F74182763D0A80072D292 /* CreateVenueResponseModel.swift */; };
		FF0F741B2763D1810072D292 /* CreateVenueTextFieldsView.swift in Sources */ = {isa = PBXBuildFile; fileRef = FF0F741A2763D1810072D292 /* CreateVenueTextFieldsView.swift */; };
		FF0F741E2763D2190072D292 /* CreateVenueCredentials.swift in Sources */ = {isa = PBXBuildFile; fileRef = FF0F741D2763D2190072D292 /* CreateVenueCredentials.swift */; };
		FF0F74202763D5ED0072D292 /* CreateVenueTextView.swift in Sources */ = {isa = PBXBuildFile; fileRef = FF0F741F2763D5ED0072D292 /* CreateVenueTextView.swift */; };
		FF0F74222763D8D60072D292 /* CreateVenueButtonView.swift in Sources */ = {isa = PBXBuildFile; fileRef = FF0F74212763D8D60072D292 /* CreateVenueButtonView.swift */; };
		FF0F74242763DF930072D292 /* CreatedVenueListForAdmin.swift in Sources */ = {isa = PBXBuildFile; fileRef = FF0F74232763DF930072D292 /* CreatedVenueListForAdmin.swift */; };
		FF0F74262763E14B0072D292 /* CreatedVenueTextViewForAdmin.swift in Sources */ = {isa = PBXBuildFile; fileRef = FF0F74252763E14B0072D292 /* CreatedVenueTextViewForAdmin.swift */; };
		FF0F74282763E3350072D292 /* GetVenueResponseModel.swift in Sources */ = {isa = PBXBuildFile; fileRef = FF0F74272763E3350072D292 /* GetVenueResponseModel.swift */; };
		FF0F742A276401B50072D292 /* GetProfileResponseModel.swift in Sources */ = {isa = PBXBuildFile; fileRef = FF0F7429276401B50072D292 /* GetProfileResponseModel.swift */; };
		FF0F742C2764030C0072D292 /* AdminImageAndNameView.swift in Sources */ = {isa = PBXBuildFile; fileRef = FF0F742B2764030C0072D292 /* AdminImageAndNameView.swift */; };
		FF0F742E276412B90072D292 /* UserImageAndNameView.swift in Sources */ = {isa = PBXBuildFile; fileRef = FF0F742D276412B90072D292 /* UserImageAndNameView.swift */; };
		FF5BC96427625CE6004B1FAC /* DIU_VRSApp.swift in Sources */ = {isa = PBXBuildFile; fileRef = FF5BC96327625CE6004B1FAC /* DIU_VRSApp.swift */; };
		FF5BC96827625CE9004B1FAC /* Assets.xcassets in Resources */ = {isa = PBXBuildFile; fileRef = FF5BC96727625CE9004B1FAC /* Assets.xcassets */; };
		FF5BC96B27625CE9004B1FAC /* Preview Assets.xcassets in Resources */ = {isa = PBXBuildFile; fileRef = FF5BC96A27625CE9004B1FAC /* Preview Assets.xcassets */; };
		FF7525B327644DC500FDA531 /* CreatedVenueListForUser.swift in Sources */ = {isa = PBXBuildFile; fileRef = FF7525B227644DC500FDA531 /* CreatedVenueListForUser.swift */; };
		FF7525B527644F7300FDA531 /* CreatedVenueTextViewForUser.swift in Sources */ = {isa = PBXBuildFile; fileRef = FF7525B427644F7300FDA531 /* CreatedVenueTextViewForUser.swift */; };
		FF7525C027645A1300FDA531 /* ReserveCalenderView.swift in Sources */ = {isa = PBXBuildFile; fileRef = FF7525BF27645A1300FDA531 /* ReserveCalenderView.swift */; };
		FF7525C22764637100FDA531 /* VenueId.swift in Sources */ = {isa = PBXBuildFile; fileRef = FF7525C12764637100FDA531 /* VenueId.swift */; };
		FF7525C42764668B00FDA531 /* DateValueModel.swift in Sources */ = {isa = PBXBuildFile; fileRef = FF7525C32764668B00FDA531 /* DateValueModel.swift */; };
		FF7525C627646CC100FDA531 /* GetReservationsModel.swift in Sources */ = {isa = PBXBuildFile; fileRef = FF7525C527646CC100FDA531 /* GetReservationsModel.swift */; };
		FF7525C82764753400FDA531 /* ReserveVenueButtonView.swift in Sources */ = {isa = PBXBuildFile; fileRef = FF7525C72764753400FDA531 /* ReserveVenueButtonView.swift */; };
		FF7525CA276475B500FDA531 /* ReserveVenueCredentials.swift in Sources */ = {isa = PBXBuildFile; fileRef = FF7525C9276475B500FDA531 /* ReserveVenueCredentials.swift */; };
		FF7525CC276485C400FDA531 /* ReservationResponseModel.swift in Sources */ = {isa = PBXBuildFile; fileRef = FF7525CB276485C400FDA531 /* ReservationResponseModel.swift */; };
/* End PBXBuildFile section */

/* Begin PBXFileReference section */
		FF0F73DA276322590072D292 /* LoginView.swift */ = {isa = PBXFileReference; lastKnownFileType = sourcecode.swift; path = LoginView.swift; sourceTree = "<group>"; };
		FF0F73DF276323200072D292 /* AppColor.swift */ = {isa = PBXFileReference; lastKnownFileType = sourcecode.swift; path = AppColor.swift; sourceTree = "<group>"; };
		FF0F73E12763238F0072D292 /* TopLogoView.swift */ = {isa = PBXFileReference; lastKnownFileType = sourcecode.swift; path = TopLogoView.swift; sourceTree = "<group>"; };
		FF0F73E4276328050072D292 /* LoginRegisterButtonView.swift */ = {isa = PBXFileReference; lastKnownFileType = sourcecode.swift; path = LoginRegisterButtonView.swift; sourceTree = "<group>"; };
		FF0F73E7276328610072D292 /* LoginTextView.swift */ = {isa = PBXFileReference; lastKnownFileType = sourcecode.swift; path = LoginTextView.swift; sourceTree = "<group>"; };
		FF0F73E9276329130072D292 /* LoginCredentialsView.swift */ = {isa = PBXFileReference; lastKnownFileType = sourcecode.swift; path = LoginCredentialsView.swift; sourceTree = "<group>"; };
		FF0F73EC2763298D0072D292 /* LoginCredentials.swift */ = {isa = PBXFileReference; lastKnownFileType = sourcecode.swift; path = LoginCredentials.swift; sourceTree = "<group>"; };
		FF0F73EE27632C100072D292 /* RegistrationView.swift */ = {isa = PBXFileReference; lastKnownFileType = sourcecode.swift; path = RegistrationView.swift; sourceTree = "<group>"; };
		FF0F73F027632E280072D292 /* RegistrationCredentials.swift */ = {isa = PBXFileReference; lastKnownFileType = sourcecode.swift; path = RegistrationCredentials.swift; sourceTree = "<group>"; };
		FF0F73F227632EB80072D292 /* RegistrationCredentialsView.swift */ = {isa = PBXFileReference; lastKnownFileType = sourcecode.swift; path = RegistrationCredentialsView.swift; sourceTree = "<group>"; };
		FF0F73F4276337320072D292 /* RegistrationTextView.swift */ = {isa = PBXFileReference; lastKnownFileType = sourcecode.swift; path = RegistrationTextView.swift; sourceTree = "<group>"; };
		FF0F73F6276339390072D292 /* DIU-VRS-Info.plist */ = {isa = PBXFileReference; lastKnownFileType = text.plist; path = "DIU-VRS-Info.plist"; sourceTree = SOURCE_ROOT; };
		FF0F73F727633C5B0072D292 /* RegistrationButtonView.swift */ = {isa = PBXFileReference; lastKnownFileType = sourcecode.swift; path = RegistrationButtonView.swift; sourceTree = "<group>"; };
		FF0F73FE276344900072D292 /* UserStatusView.swift */ = {isa = PBXFileReference; lastKnownFileType = sourcecode.swift; path = UserStatusView.swift; sourceTree = "<group>"; };
		FF0F7400276344A90072D292 /* UserReserveView.swift */ = {isa = PBXFileReference; lastKnownFileType = sourcecode.swift; path = UserReserveView.swift; sourceTree = "<group>"; };
		FF0F7402276344B70072D292 /* UserProfileView.swift */ = {isa = PBXFileReference; lastKnownFileType = sourcecode.swift; path = UserProfileView.swift; sourceTree = "<group>"; };
		FF0F7404276344CD0072D292 /* UserTabView.swift */ = {isa = PBXFileReference; lastKnownFileType = sourcecode.swift; path = UserTabView.swift; sourceTree = "<group>"; };
		FF0F74062763450D0072D292 /* AdminTabView.swift */ = {isa = PBXFileReference; lastKnownFileType = sourcecode.swift; path = AdminTabView.swift; sourceTree = "<group>"; };
		FF0F7408276345210072D292 /* AdminLogView.swift */ = {isa = PBXFileReference; lastKnownFileType = sourcecode.swift; path = AdminLogView.swift; sourceTree = "<group>"; };
		FF0F740A2763452F0072D292 /* AdminCreateVenueView.swift */ = {isa = PBXFileReference; lastKnownFileType = sourcecode.swift; path = AdminCreateVenueView.swift; sourceTree = "<group>"; };
		FF0F740C276345430072D292 /* AdminReserveView.swift */ = {isa = PBXFileReference; lastKnownFileType = sourcecode.swift; path = AdminReserveView.swift; sourceTree = "<group>"; };
		FF0F740E276345550072D292 /* AdminProfileView.swift */ = {isa = PBXFileReference; lastKnownFileType = sourcecode.swift; path = AdminProfileView.swift; sourceTree = "<group>"; };
		FF0F7410276348210072D292 /* API.swift */ = {isa = PBXFileReference; lastKnownFileType = sourcecode.swift; path = API.swift; sourceTree = "<group>"; };
		FF0F7412276348750072D292 /* URLs.swift */ = {isa = PBXFileReference; lastKnownFileType = sourcecode.swift; path = URLs.swift; sourceTree = "<group>"; };
		FF0F7414276351290072D292 /* LoginResponseModel.swift */ = {isa = PBXFileReference; lastKnownFileType = sourcecode.swift; path = LoginResponseModel.swift; sourceTree = "<group>"; };
		FF0F74162763A4010072D292 /* RegistrationResponseModel.swift */ = {isa = PBXFileReference; lastKnownFileType = sourcecode.swift; path = RegistrationResponseModel.swift; sourceTree = "<group>"; };
		FF0F74182763D0A80072D292 /* CreateVenueResponseModel.swift */ = {isa = PBXFileReference; lastKnownFileType = sourcecode.swift; path = CreateVenueResponseModel.swift; sourceTree = "<group>"; };
		FF0F741A2763D1810072D292 /* CreateVenueTextFieldsView.swift */ = {isa = PBXFileReference; lastKnownFileType = sourcecode.swift; path = CreateVenueTextFieldsView.swift; sourceTree = "<group>"; };
		FF0F741D2763D2190072D292 /* CreateVenueCredentials.swift */ = {isa = PBXFileReference; lastKnownFileType = sourcecode.swift; path = CreateVenueCredentials.swift; sourceTree = "<group>"; };
		FF0F741F2763D5ED0072D292 /* CreateVenueTextView.swift */ = {isa = PBXFileReference; lastKnownFileType = sourcecode.swift; path = CreateVenueTextView.swift; sourceTree = "<group>"; };
		FF0F74212763D8D60072D292 /* CreateVenueButtonView.swift */ = {isa = PBXFileReference; lastKnownFileType = sourcecode.swift; path = CreateVenueButtonView.swift; sourceTree = "<group>"; };
		FF0F74232763DF930072D292 /* CreatedVenueListForAdmin.swift */ = {isa = PBXFileReference; lastKnownFileType = sourcecode.swift; path = CreatedVenueListForAdmin.swift; sourceTree = "<group>"; };
		FF0F74252763E14B0072D292 /* CreatedVenueTextViewForAdmin.swift */ = {isa = PBXFileReference; lastKnownFileType = sourcecode.swift; path = CreatedVenueTextViewForAdmin.swift; sourceTree = "<group>"; };
		FF0F74272763E3350072D292 /* GetVenueResponseModel.swift */ = {isa = PBXFileReference; lastKnownFileType = sourcecode.swift; path = GetVenueResponseModel.swift; sourceTree = "<group>"; };
		FF0F7429276401B50072D292 /* GetProfileResponseModel.swift */ = {isa = PBXFileReference; lastKnownFileType = sourcecode.swift; path = GetProfileResponseModel.swift; sourceTree = "<group>"; };
		FF0F742B2764030C0072D292 /* AdminImageAndNameView.swift */ = {isa = PBXFileReference; lastKnownFileType = sourcecode.swift; path = AdminImageAndNameView.swift; sourceTree = "<group>"; };
		FF0F742D276412B90072D292 /* UserImageAndNameView.swift */ = {isa = PBXFileReference; lastKnownFileType = sourcecode.swift; path = UserImageAndNameView.swift; sourceTree = "<group>"; };
		FF5BC96027625CE6004B1FAC /* DIU VRS.app */ = {isa = PBXFileReference; explicitFileType = wrapper.application; includeInIndex = 0; path = "DIU VRS.app"; sourceTree = BUILT_PRODUCTS_DIR; };
		FF5BC96327625CE6004B1FAC /* DIU_VRSApp.swift */ = {isa = PBXFileReference; lastKnownFileType = sourcecode.swift; path = DIU_VRSApp.swift; sourceTree = "<group>"; };
		FF5BC96727625CE9004B1FAC /* Assets.xcassets */ = {isa = PBXFileReference; lastKnownFileType = folder.assetcatalog; path = Assets.xcassets; sourceTree = "<group>"; };
		FF5BC96A27625CE9004B1FAC /* Preview Assets.xcassets */ = {isa = PBXFileReference; lastKnownFileType = folder.assetcatalog; path = "Preview Assets.xcassets"; sourceTree = "<group>"; };
		FF7525B227644DC500FDA531 /* CreatedVenueListForUser.swift */ = {isa = PBXFileReference; lastKnownFileType = sourcecode.swift; path = CreatedVenueListForUser.swift; sourceTree = "<group>"; };
		FF7525B427644F7300FDA531 /* CreatedVenueTextViewForUser.swift */ = {isa = PBXFileReference; lastKnownFileType = sourcecode.swift; path = CreatedVenueTextViewForUser.swift; sourceTree = "<group>"; };
		FF7525BF27645A1300FDA531 /* ReserveCalenderView.swift */ = {isa = PBXFileReference; lastKnownFileType = sourcecode.swift; path = ReserveCalenderView.swift; sourceTree = "<group>"; };
		FF7525C12764637100FDA531 /* VenueId.swift */ = {isa = PBXFileReference; lastKnownFileType = sourcecode.swift; path = VenueId.swift; sourceTree = "<group>"; };
		FF7525C32764668B00FDA531 /* DateValueModel.swift */ = {isa = PBXFileReference; lastKnownFileType = sourcecode.swift; path = DateValueModel.swift; sourceTree = "<group>"; };
		FF7525C527646CC100FDA531 /* GetReservationsModel.swift */ = {isa = PBXFileReference; lastKnownFileType = sourcecode.swift; path = GetReservationsModel.swift; sourceTree = "<group>"; };
		FF7525C72764753400FDA531 /* ReserveVenueButtonView.swift */ = {isa = PBXFileReference; lastKnownFileType = sourcecode.swift; path = ReserveVenueButtonView.swift; sourceTree = "<group>"; };
		FF7525C9276475B500FDA531 /* ReserveVenueCredentials.swift */ = {isa = PBXFileReference; lastKnownFileType = sourcecode.swift; path = ReserveVenueCredentials.swift; sourceTree = "<group>"; };
		FF7525CB276485C400FDA531 /* ReservationResponseModel.swift */ = {isa = PBXFileReference; lastKnownFileType = sourcecode.swift; path = ReservationResponseModel.swift; sourceTree = "<group>"; };
/* End PBXFileReference section */

/* Begin PBXFrameworksBuildPhase section */
		FF5BC95D27625CE6004B1FAC /* Frameworks */ = {
			isa = PBXFrameworksBuildPhase;
			buildActionMask = 2147483647;
			files = (
			);
			runOnlyForDeploymentPostprocessing = 0;
		};
/* End PBXFrameworksBuildPhase section */

/* Begin PBXGroup section */
		FF0F73D8276322100072D292 /* Login */ = {
			isa = PBXGroup;
			children = (
				FF0F73DA276322590072D292 /* LoginView.swift */,
				FF0F73E12763238F0072D292 /* TopLogoView.swift */,
				FF0F73E7276328610072D292 /* LoginTextView.swift */,
				FF0F73E9276329130072D292 /* LoginCredentialsView.swift */,
				FF0F73E4276328050072D292 /* LoginRegisterButtonView.swift */,
			);
			path = Login;
			sourceTree = "<group>";
		};
		FF0F73D92763221B0072D292 /* Registration */ = {
			isa = PBXGroup;
			children = (
				FF0F73EE27632C100072D292 /* RegistrationView.swift */,
				FF0F73F4276337320072D292 /* RegistrationTextView.swift */,
				FF0F73F227632EB80072D292 /* RegistrationCredentialsView.swift */,
				FF0F73F727633C5B0072D292 /* RegistrationButtonView.swift */,
			);
			path = Registration;
			sourceTree = "<group>";
		};
		FF0F73DC276322C90072D292 /* Helper */ = {
			isa = PBXGroup;
			children = (
				FF0F73DF276323200072D292 /* AppColor.swift */,
				FF7525C32764668B00FDA531 /* DateValueModel.swift */,
			);
			path = Helper;
			sourceTree = "<group>";
		};
		FF0F73DD276322D00072D292 /* Networking */ = {
			isa = PBXGroup;
			children = (
				FF0F7410276348210072D292 /* API.swift */,
			);
			path = Networking;
			sourceTree = "<group>";
		};
		FF0F73DE276322D60072D292 /* URLs */ = {
			isa = PBXGroup;
			children = (
				FF0F7412276348750072D292 /* URLs.swift */,
			);
			path = URLs;
			sourceTree = "<group>";
		};
		FF0F73EB2763295C0072D292 /* ObservableObjects */ = {
			isa = PBXGroup;
			children = (
				FF0F73EC2763298D0072D292 /* LoginCredentials.swift */,
				FF0F73F027632E280072D292 /* RegistrationCredentials.swift */,
				FF0F741D2763D2190072D292 /* CreateVenueCredentials.swift */,
				FF7525C9276475B500FDA531 /* ReserveVenueCredentials.swift */,
				FF7525C12764637100FDA531 /* VenueId.swift */,
			);
			path = ObservableObjects;
			sourceTree = "<group>";
		};
		FF0F73F9276343B00072D292 /* UserTabView */ = {
			isa = PBXGroup;
			children = (
				FF0F7404276344CD0072D292 /* UserTabView.swift */,
				FF0F73FB276344000072D292 /* UserTabs */,
			);
			path = UserTabView;
			sourceTree = "<group>";
		};
		FF0F73FA276343C50072D292 /* AdminTabView */ = {
			isa = PBXGroup;
			children = (
				FF0F74062763450D0072D292 /* AdminTabView.swift */,
				FF0F73FC2763440C0072D292 /* AdminTabs */,
			);
			path = AdminTabView;
			sourceTree = "<group>";
		};
		FF0F73FB276344000072D292 /* UserTabs */ = {
			isa = PBXGroup;
			children = (
				FF7525B62764572700FDA531 /* UserStatus */,
				FF7525B72764573100FDA531 /* UserReserve */,
				FF7525B82764575600FDA531 /* UserProfile */,
			);
			path = UserTabs;
			sourceTree = "<group>";
		};
		FF0F73FC2763440C0072D292 /* AdminTabs */ = {
			isa = PBXGroup;
			children = (
				FF7525BB276457AE00FDA531 /* AdminLog */,
				FF7525BA2764578B00FDA531 /* AdminCreateVenue */,
				FF7525BE276458F200FDA531 /* AdminReserve */,
				FF7525B92764577600FDA531 /* AdminProfile */,
			);
			path = AdminTabs;
			sourceTree = "<group>";
		};
		FF5BC95727625CE6004B1FAC = {
			isa = PBXGroup;
			children = (
				FF5BC96227625CE6004B1FAC /* DIU VRS */,
				FF5BC96127625CE6004B1FAC /* Products */,
			);
			sourceTree = "<group>";
		};
		FF5BC96127625CE6004B1FAC /* Products */ = {
			isa = PBXGroup;
			children = (
				FF5BC96027625CE6004B1FAC /* DIU VRS.app */,
			);
			name = Products;
			sourceTree = "<group>";
		};
		FF5BC96227625CE6004B1FAC /* DIU VRS */ = {
			isa = PBXGroup;
			children = (
				FF0F73F6276339390072D292 /* DIU-VRS-Info.plist */,
				FF5BC97127625D90004B1FAC /* App */,
				FF5BC97227625D95004B1FAC /* Views */,
				FF5BC97327625D9D004B1FAC /* Models */,
				FF0F73DD276322D00072D292 /* Networking */,
				FF0F73EB2763295C0072D292 /* ObservableObjects */,
				FF0F73DC276322C90072D292 /* Helper */,
				FF0F73DE276322D60072D292 /* URLs */,
				FF5BC96727625CE9004B1FAC /* Assets.xcassets */,
				FF5BC96927625CE9004B1FAC /* Preview Content */,
			);
			path = "DIU VRS";
			sourceTree = "<group>";
		};
		FF5BC96927625CE9004B1FAC /* Preview Content */ = {
			isa = PBXGroup;
			children = (
				FF5BC96A27625CE9004B1FAC /* Preview Assets.xcassets */,
			);
			path = "Preview Content";
			sourceTree = "<group>";
		};
		FF5BC97127625D90004B1FAC /* App */ = {
			isa = PBXGroup;
			children = (
				FF5BC96327625CE6004B1FAC /* DIU_VRSApp.swift */,
			);
			path = App;
			sourceTree = "<group>";
		};
		FF5BC97227625D95004B1FAC /* Views */ = {
			isa = PBXGroup;
			children = (
				FF0F73D8276322100072D292 /* Login */,
				FF0F73D92763221B0072D292 /* Registration */,
				FF0F73F9276343B00072D292 /* UserTabView */,
				FF0F73FA276343C50072D292 /* AdminTabView */,
			);
			path = Views;
			sourceTree = "<group>";
		};
		FF5BC97327625D9D004B1FAC /* Models */ = {
			isa = PBXGroup;
			children = (
				FF0F7414276351290072D292 /* LoginResponseModel.swift */,
				FF0F74162763A4010072D292 /* RegistrationResponseModel.swift */,
				FF0F74182763D0A80072D292 /* CreateVenueResponseModel.swift */,
				FF0F74272763E3350072D292 /* GetVenueResponseModel.swift */,
				FF0F7429276401B50072D292 /* GetProfileResponseModel.swift */,
				FF7525C527646CC100FDA531 /* GetReservationsModel.swift */,
				FF7525CB276485C400FDA531 /* ReservationResponseModel.swift */,
			);
			path = Models;
			sourceTree = "<group>";
		};
		FF7525B62764572700FDA531 /* UserStatus */ = {
			isa = PBXGroup;
			children = (
				FF0F73FE276344900072D292 /* UserStatusView.swift */,
			);
			path = UserStatus;
			sourceTree = "<group>";
		};
		FF7525B72764573100FDA531 /* UserReserve */ = {
			isa = PBXGroup;
			children = (
				FF0F7400276344A90072D292 /* UserReserveView.swift */,
				FF7525B427644F7300FDA531 /* CreatedVenueTextViewForUser.swift */,
				FF7525B227644DC500FDA531 /* CreatedVenueListForUser.swift */,
				FF7525BF27645A1300FDA531 /* ReserveCalenderView.swift */,
				FF7525C72764753400FDA531 /* ReserveVenueButtonView.swift */,
			);
			path = UserReserve;
			sourceTree = "<group>";
		};
		FF7525B82764575600FDA531 /* UserProfile */ = {
			isa = PBXGroup;
			children = (
				FF0F742D276412B90072D292 /* UserImageAndNameView.swift */,
				FF0F7402276344B70072D292 /* UserProfileView.swift */,
			);
			path = UserProfile;
			sourceTree = "<group>";
		};
		FF7525B92764577600FDA531 /* AdminProfile */ = {
			isa = PBXGroup;
			children = (
				FF0F740E276345550072D292 /* AdminProfileView.swift */,
				FF0F742B2764030C0072D292 /* AdminImageAndNameView.swift */,
			);
			path = AdminProfile;
			sourceTree = "<group>";
		};
		FF7525BA2764578B00FDA531 /* AdminCreateVenue */ = {
			isa = PBXGroup;
			children = (
				FF0F740A2763452F0072D292 /* AdminCreateVenueView.swift */,
				FF0F741F2763D5ED0072D292 /* CreateVenueTextView.swift */,
				FF0F741A2763D1810072D292 /* CreateVenueTextFieldsView.swift */,
				FF0F74212763D8D60072D292 /* CreateVenueButtonView.swift */,
			);
			path = AdminCreateVenue;
			sourceTree = "<group>";
		};
		FF7525BB276457AE00FDA531 /* AdminLog */ = {
			isa = PBXGroup;
			children = (
				FF0F7408276345210072D292 /* AdminLogView.swift */,
				FF0F74252763E14B0072D292 /* CreatedVenueTextViewForAdmin.swift */,
				FF0F74232763DF930072D292 /* CreatedVenueListForAdmin.swift */,
			);
			path = AdminLog;
			sourceTree = "<group>";
		};
		FF7525BE276458F200FDA531 /* AdminReserve */ = {
			isa = PBXGroup;
			children = (
				FF0F740C276345430072D292 /* AdminReserveView.swift */,
			);
			path = AdminReserve;
			sourceTree = "<group>";
		};
/* End PBXGroup section */

/* Begin PBXNativeTarget section */
		FF5BC95F27625CE6004B1FAC /* DIU VRS */ = {
			isa = PBXNativeTarget;
			buildConfigurationList = FF5BC96E27625CE9004B1FAC /* Build configuration list for PBXNativeTarget "DIU VRS" */;
			buildPhases = (
				FF5BC95C27625CE6004B1FAC /* Sources */,
				FF5BC95D27625CE6004B1FAC /* Frameworks */,
				FF5BC95E27625CE6004B1FAC /* Resources */,
			);
			buildRules = (
			);
			dependencies = (
			);
			name = "DIU VRS";
			productName = "DIU VRS";
			productReference = FF5BC96027625CE6004B1FAC /* DIU VRS.app */;
			productType = "com.apple.product-type.application";
		};
/* End PBXNativeTarget section */

/* Begin PBXProject section */
		FF5BC95827625CE6004B1FAC /* Project object */ = {
			isa = PBXProject;
			attributes = {
				BuildIndependentTargetsInParallel = 1;
				LastSwiftUpdateCheck = 1310;
				LastUpgradeCheck = 1310;
				TargetAttributes = {
					FF5BC95F27625CE6004B1FAC = {
						CreatedOnToolsVersion = 13.1;
					};
				};
			};
			buildConfigurationList = FF5BC95B27625CE6004B1FAC /* Build configuration list for PBXProject "DIU VRS" */;
			compatibilityVersion = "Xcode 13.0";
			developmentRegion = en;
			hasScannedForEncodings = 0;
			knownRegions = (
				en,
				Base,
			);
			mainGroup = FF5BC95727625CE6004B1FAC;
			productRefGroup = FF5BC96127625CE6004B1FAC /* Products */;
			projectDirPath = "";
			projectRoot = "";
			targets = (
				FF5BC95F27625CE6004B1FAC /* DIU VRS */,
			);
		};
/* End PBXProject section */

/* Begin PBXResourcesBuildPhase section */
		FF5BC95E27625CE6004B1FAC /* Resources */ = {
			isa = PBXResourcesBuildPhase;
			buildActionMask = 2147483647;
			files = (
				FF5BC96B27625CE9004B1FAC /* Preview Assets.xcassets in Resources */,
				FF5BC96827625CE9004B1FAC /* Assets.xcassets in Resources */,
			);
			runOnlyForDeploymentPostprocessing = 0;
		};
/* End PBXResourcesBuildPhase section */

/* Begin PBXSourcesBuildPhase section */
		FF5BC95C27625CE6004B1FAC /* Sources */ = {
			isa = PBXSourcesBuildPhase;
			buildActionMask = 2147483647;
			files = (
				FF0F7415276351290072D292 /* LoginResponseModel.swift in Sources */,
				FF7525C82764753400FDA531 /* ReserveVenueButtonView.swift in Sources */,
				FF7525C027645A1300FDA531 /* ReserveCalenderView.swift in Sources */,
				FF0F740B2763452F0072D292 /* AdminCreateVenueView.swift in Sources */,
				FF0F73ED2763298D0072D292 /* LoginCredentials.swift in Sources */,
				FF0F740F276345550072D292 /* AdminProfileView.swift in Sources */,
				FF0F740D276345430072D292 /* AdminReserveView.swift in Sources */,
				FF0F74202763D5ED0072D292 /* CreateVenueTextView.swift in Sources */,
				FF7525C22764637100FDA531 /* VenueId.swift in Sources */,
				FF0F73E8276328610072D292 /* LoginTextView.swift in Sources */,
				FF0F73E5276328050072D292 /* LoginRegisterButtonView.swift in Sources */,
				FF0F74262763E14B0072D292 /* CreatedVenueTextViewForAdmin.swift in Sources */,
				FF7525C42764668B00FDA531 /* DateValueModel.swift in Sources */,
				FF0F74242763DF930072D292 /* CreatedVenueListForAdmin.swift in Sources */,
				FF0F7409276345210072D292 /* AdminLogView.swift in Sources */,
				FF0F73EF27632C100072D292 /* RegistrationView.swift in Sources */,
				FF0F73EA276329130072D292 /* LoginCredentialsView.swift in Sources */,
				FF0F74282763E3350072D292 /* GetVenueResponseModel.swift in Sources */,
				FF0F742E276412B90072D292 /* UserImageAndNameView.swift in Sources */,
				FF0F7401276344A90072D292 /* UserReserveView.swift in Sources */,
				FF7525CA276475B500FDA531 /* ReserveVenueCredentials.swift in Sources */,
				FF0F73FF276344900072D292 /* UserStatusView.swift in Sources */,
				FF0F741B2763D1810072D292 /* CreateVenueTextFieldsView.swift in Sources */,
				FF0F742C2764030C0072D292 /* AdminImageAndNameView.swift in Sources */,
				FF0F7405276344CD0072D292 /* UserTabView.swift in Sources */,
				FF0F742A276401B50072D292 /* GetProfileResponseModel.swift in Sources */,
				FF0F74172763A4010072D292 /* RegistrationResponseModel.swift in Sources */,
				FF7525CC276485C400FDA531 /* ReservationResponseModel.swift in Sources */,
				FF0F73F827633C5B0072D292 /* RegistrationButtonView.swift in Sources */,
				FF0F73F127632E280072D292 /* RegistrationCredentials.swift in Sources */,
				FF0F73E0276323200072D292 /* AppColor.swift in Sources */,
				FF0F74192763D0A80072D292 /* CreateVenueResponseModel.swift in Sources */,
				FF0F7411276348210072D292 /* API.swift in Sources */,
				FF0F73F327632EB80072D292 /* RegistrationCredentialsView.swift in Sources */,
				FF0F7403276344B70072D292 /* UserProfileView.swift in Sources */,
				FF0F73F5276337320072D292 /* RegistrationTextView.swift in Sources */,
				FF0F741E2763D2190072D292 /* CreateVenueCredentials.swift in Sources */,
				FF7525C627646CC100FDA531 /* GetReservationsModel.swift in Sources */,
				FF0F74222763D8D60072D292 /* CreateVenueButtonView.swift in Sources */,
				FF0F7413276348750072D292 /* URLs.swift in Sources */,
				FF0F73DB276322590072D292 /* LoginView.swift in Sources */,
				FF5BC96427625CE6004B1FAC /* DIU_VRSApp.swift in Sources */,
				FF7525B327644DC500FDA531 /* CreatedVenueListForUser.swift in Sources */,
				FF0F74072763450D0072D292 /* AdminTabView.swift in Sources */,
				FF7525B527644F7300FDA531 /* CreatedVenueTextViewForUser.swift in Sources */,
				FF0F73E22763238F0072D292 /* TopLogoView.swift in Sources */,
			);
			runOnlyForDeploymentPostprocessing = 0;
		};
/* End PBXSourcesBuildPhase section */

/* Begin XCBuildConfiguration section */
		FF5BC96C27625CE9004B1FAC /* Debug */ = {
			isa = XCBuildConfiguration;
			buildSettings = {
				ALWAYS_SEARCH_USER_PATHS = NO;
				CLANG_ANALYZER_NONNULL = YES;
				CLANG_ANALYZER_NUMBER_OBJECT_CONVERSION = YES_AGGRESSIVE;
				CLANG_CXX_LANGUAGE_STANDARD = "gnu++17";
				CLANG_CXX_LIBRARY = "libc++";
				CLANG_ENABLE_MODULES = YES;
				CLANG_ENABLE_OBJC_ARC = YES;
				CLANG_ENABLE_OBJC_WEAK = YES;
				CLANG_WARN_BLOCK_CAPTURE_AUTORELEASING = YES;
				CLANG_WARN_BOOL_CONVERSION = YES;
				CLANG_WARN_COMMA = YES;
				CLANG_WARN_CONSTANT_CONVERSION = YES;
				CLANG_WARN_DEPRECATED_OBJC_IMPLEMENTATIONS = YES;
				CLANG_WARN_DIRECT_OBJC_ISA_USAGE = YES_ERROR;
				CLANG_WARN_DOCUMENTATION_COMMENTS = YES;
				CLANG_WARN_EMPTY_BODY = YES;
				CLANG_WARN_ENUM_CONVERSION = YES;
				CLANG_WARN_INFINITE_RECURSION = YES;
				CLANG_WARN_INT_CONVERSION = YES;
				CLANG_WARN_NON_LITERAL_NULL_CONVERSION = YES;
				CLANG_WARN_OBJC_IMPLICIT_RETAIN_SELF = YES;
				CLANG_WARN_OBJC_LITERAL_CONVERSION = YES;
				CLANG_WARN_OBJC_ROOT_CLASS = YES_ERROR;
				CLANG_WARN_QUOTED_INCLUDE_IN_FRAMEWORK_HEADER = YES;
				CLANG_WARN_RANGE_LOOP_ANALYSIS = YES;
				CLANG_WARN_STRICT_PROTOTYPES = YES;
				CLANG_WARN_SUSPICIOUS_MOVE = YES;
				CLANG_WARN_UNGUARDED_AVAILABILITY = YES_AGGRESSIVE;
				CLANG_WARN_UNREACHABLE_CODE = YES;
				CLANG_WARN__DUPLICATE_METHOD_MATCH = YES;
				COPY_PHASE_STRIP = NO;
				DEBUG_INFORMATION_FORMAT = dwarf;
				ENABLE_STRICT_OBJC_MSGSEND = YES;
				ENABLE_TESTABILITY = YES;
				GCC_C_LANGUAGE_STANDARD = gnu11;
				GCC_DYNAMIC_NO_PIC = NO;
				GCC_NO_COMMON_BLOCKS = YES;
				GCC_OPTIMIZATION_LEVEL = 0;
				GCC_PREPROCESSOR_DEFINITIONS = (
					"DEBUG=1",
					"$(inherited)",
				);
				GCC_WARN_64_TO_32_BIT_CONVERSION = YES;
				GCC_WARN_ABOUT_RETURN_TYPE = YES_ERROR;
				GCC_WARN_UNDECLARED_SELECTOR = YES;
				GCC_WARN_UNINITIALIZED_AUTOS = YES_AGGRESSIVE;
				GCC_WARN_UNUSED_FUNCTION = YES;
				GCC_WARN_UNUSED_VARIABLE = YES;
				IPHONEOS_DEPLOYMENT_TARGET = 15.0;
				MTL_ENABLE_DEBUG_INFO = INCLUDE_SOURCE;
				MTL_FAST_MATH = YES;
				ONLY_ACTIVE_ARCH = YES;
				SDKROOT = iphoneos;
				SWIFT_ACTIVE_COMPILATION_CONDITIONS = DEBUG;
				SWIFT_OPTIMIZATION_LEVEL = "-Onone";
			};
			name = Debug;
		};
		FF5BC96D27625CE9004B1FAC /* Release */ = {
			isa = XCBuildConfiguration;
			buildSettings = {
				ALWAYS_SEARCH_USER_PATHS = NO;
				CLANG_ANALYZER_NONNULL = YES;
				CLANG_ANALYZER_NUMBER_OBJECT_CONVERSION = YES_AGGRESSIVE;
				CLANG_CXX_LANGUAGE_STANDARD = "gnu++17";
				CLANG_CXX_LIBRARY = "libc++";
				CLANG_ENABLE_MODULES = YES;
				CLANG_ENABLE_OBJC_ARC = YES;
				CLANG_ENABLE_OBJC_WEAK = YES;
				CLANG_WARN_BLOCK_CAPTURE_AUTORELEASING = YES;
				CLANG_WARN_BOOL_CONVERSION = YES;
				CLANG_WARN_COMMA = YES;
				CLANG_WARN_CONSTANT_CONVERSION = YES;
				CLANG_WARN_DEPRECATED_OBJC_IMPLEMENTATIONS = YES;
				CLANG_WARN_DIRECT_OBJC_ISA_USAGE = YES_ERROR;
				CLANG_WARN_DOCUMENTATION_COMMENTS = YES;
				CLANG_WARN_EMPTY_BODY = YES;
				CLANG_WARN_ENUM_CONVERSION = YES;
				CLANG_WARN_INFINITE_RECURSION = YES;
				CLANG_WARN_INT_CONVERSION = YES;
				CLANG_WARN_NON_LITERAL_NULL_CONVERSION = YES;
				CLANG_WARN_OBJC_IMPLICIT_RETAIN_SELF = YES;
				CLANG_WARN_OBJC_LITERAL_CONVERSION = YES;
				CLANG_WARN_OBJC_ROOT_CLASS = YES_ERROR;
				CLANG_WARN_QUOTED_INCLUDE_IN_FRAMEWORK_HEADER = YES;
				CLANG_WARN_RANGE_LOOP_ANALYSIS = YES;
				CLANG_WARN_STRICT_PROTOTYPES = YES;
				CLANG_WARN_SUSPICIOUS_MOVE = YES;
				CLANG_WARN_UNGUARDED_AVAILABILITY = YES_AGGRESSIVE;
				CLANG_WARN_UNREACHABLE_CODE = YES;
				CLANG_WARN__DUPLICATE_METHOD_MATCH = YES;
				COPY_PHASE_STRIP = NO;
				DEBUG_INFORMATION_FORMAT = "dwarf-with-dsym";
				ENABLE_NS_ASSERTIONS = NO;
				ENABLE_STRICT_OBJC_MSGSEND = YES;
				GCC_C_LANGUAGE_STANDARD = gnu11;
				GCC_NO_COMMON_BLOCKS = YES;
				GCC_WARN_64_TO_32_BIT_CONVERSION = YES;
				GCC_WARN_ABOUT_RETURN_TYPE = YES_ERROR;
				GCC_WARN_UNDECLARED_SELECTOR = YES;
				GCC_WARN_UNINITIALIZED_AUTOS = YES_AGGRESSIVE;
				GCC_WARN_UNUSED_FUNCTION = YES;
				GCC_WARN_UNUSED_VARIABLE = YES;
				IPHONEOS_DEPLOYMENT_TARGET = 15.0;
				MTL_ENABLE_DEBUG_INFO = NO;
				MTL_FAST_MATH = YES;
				SDKROOT = iphoneos;
				SWIFT_COMPILATION_MODE = wholemodule;
				SWIFT_OPTIMIZATION_LEVEL = "-O";
				VALIDATE_PRODUCT = YES;
			};
			name = Release;
		};
		FF5BC96F27625CE9004B1FAC /* Debug */ = {
			isa = XCBuildConfiguration;
			buildSettings = {
				ASSETCATALOG_COMPILER_APPICON_NAME = AppIcon;
				ASSETCATALOG_COMPILER_GLOBAL_ACCENT_COLOR_NAME = AccentColor;
				CODE_SIGN_STYLE = Automatic;
				CURRENT_PROJECT_VERSION = 1;
				DEVELOPMENT_ASSET_PATHS = "\"DIU VRS/Preview Content\"";
				DEVELOPMENT_TEAM = 4JWUSF25X2;
				ENABLE_PREVIEWS = YES;
				GENERATE_INFOPLIST_FILE = YES;
				INFOPLIST_FILE = "DIU-VRS-Info.plist";
				INFOPLIST_KEY_UIApplicationSceneManifest_Generation = YES;
				INFOPLIST_KEY_UIApplicationSupportsIndirectInputEvents = YES;
				INFOPLIST_KEY_UISupportedInterfaceOrientations_iPad = "UIInterfaceOrientationPortrait UIInterfaceOrientationPortraitUpsideDown UIInterfaceOrientationLandscapeLeft UIInterfaceOrientationLandscapeRight";
				INFOPLIST_KEY_UISupportedInterfaceOrientations_iPhone = "UIInterfaceOrientationPortrait UIInterfaceOrientationLandscapeLeft UIInterfaceOrientationLandscapeRight";
				INFOPLIST_KEY_UIUserInterfaceStyle = Light;
				LD_RUNPATH_SEARCH_PATHS = (
					"$(inherited)",
					"@executable_path/Frameworks",
				);
				MARKETING_VERSION = 1.0;
				PRODUCT_BUNDLE_IDENTIFIER = "com.fahimrahman.DIU-VRS";
				PRODUCT_NAME = "$(TARGET_NAME)";
				SWIFT_EMIT_LOC_STRINGS = YES;
				SWIFT_VERSION = 5.0;
				TARGETED_DEVICE_FAMILY = "1,2";
			};
			name = Debug;
		};
		FF5BC97027625CE9004B1FAC /* Release */ = {
			isa = XCBuildConfiguration;
			buildSettings = {
				ASSETCATALOG_COMPILER_APPICON_NAME = AppIcon;
				ASSETCATALOG_COMPILER_GLOBAL_ACCENT_COLOR_NAME = AccentColor;
				CODE_SIGN_STYLE = Automatic;
				CURRENT_PROJECT_VERSION = 1;
				DEVELOPMENT_ASSET_PATHS = "\"DIU VRS/Preview Content\"";
				DEVELOPMENT_TEAM = 4JWUSF25X2;
				ENABLE_PREVIEWS = YES;
				GENERATE_INFOPLIST_FILE = YES;
				INFOPLIST_FILE = "DIU-VRS-Info.plist";
				INFOPLIST_KEY_UIApplicationSceneManifest_Generation = YES;
				INFOPLIST_KEY_UIApplicationSupportsIndirectInputEvents = YES;
				INFOPLIST_KEY_UISupportedInterfaceOrientations_iPad = "UIInterfaceOrientationPortrait UIInterfaceOrientationPortraitUpsideDown UIInterfaceOrientationLandscapeLeft UIInterfaceOrientationLandscapeRight";
				INFOPLIST_KEY_UISupportedInterfaceOrientations_iPhone = "UIInterfaceOrientationPortrait UIInterfaceOrientationLandscapeLeft UIInterfaceOrientationLandscapeRight";
				INFOPLIST_KEY_UIUserInterfaceStyle = Light;
				LD_RUNPATH_SEARCH_PATHS = (
					"$(inherited)",
					"@executable_path/Frameworks",
				);
				MARKETING_VERSION = 1.0;
				PRODUCT_BUNDLE_IDENTIFIER = "com.fahimrahman.DIU-VRS";
				PRODUCT_NAME = "$(TARGET_NAME)";
				SWIFT_EMIT_LOC_STRINGS = YES;
				SWIFT_VERSION = 5.0;
				TARGETED_DEVICE_FAMILY = "1,2";
			};
			name = Release;
		};
/* End XCBuildConfiguration section */

/* Begin XCConfigurationList section */
		FF5BC95B27625CE6004B1FAC /* Build configuration list for PBXProject "DIU VRS" */ = {
			isa = XCConfigurationList;
			buildConfigurations = (
				FF5BC96C27625CE9004B1FAC /* Debug */,
				FF5BC96D27625CE9004B1FAC /* Release */,
			);
			defaultConfigurationIsVisible = 0;
			defaultConfigurationName = Release;
		};
		FF5BC96E27625CE9004B1FAC /* Build configuration list for PBXNativeTarget "DIU VRS" */ = {
			isa = XCConfigurationList;
			buildConfigurations = (
				FF5BC96F27625CE9004B1FAC /* Debug */,
				FF5BC97027625CE9004B1FAC /* Release */,
			);
			defaultConfigurationIsVisible = 0;
			defaultConfigurationName = Release;
		};
/* End XCConfigurationList section */
	};
	rootObject = FF5BC95827625CE6004B1FAC /* Project object */;
}
